
Microsoft Visual Studio Solution File, Format Version 12.00
# Visual Studio Version 17
VisualStudioVersion = 17.13.35818.85
MinimumVisualStudioVersion = 10.0.40219.1
Project("{FAE04EC0-301F-11D3-BF4B-00C04F79EFBC}") = "EscalationMatrix", "EscalationMatrix.csproj", "{40BB1FCA-759F-4B7C-B8D2-F93EA8A992DC}"
EndProject
Project("{FAE04EC0-301F-11D3-BF4B-00C04F79EFBC}") = "WebAPI", "..\WebAPI\WebAPI.csproj", "{1A1DBB6C-BFBA-48D2-813C-FCEF4ED32280}"
EndProject
Global
	GlobalSection(SolutionConfigurationPlatforms) = preSolution
		Debug|Any CPU = Debug|Any CPU
		Release|Any CPU = Release|Any CPU
	EndGlobalSection
	GlobalSection(ProjectConfigurationPlatforms) = postSolution
		{40BB1FCA-759F-4B7C-B8D2-F93EA8A992DC}.Debug|Any CPU.ActiveCfg = Debug|Any CPU
		{40BB1FCA-759F-4B7C-B8D2-F93EA8A992DC}.Debug|Any CPU.Build.0 = Debug|Any CPU
		{40BB1FCA-759F-4B7C-B8D2-F93EA8A992DC}.Release|Any CPU.ActiveCfg = Release|Any CPU
		{40BB1FCA-759F-4B7C-B8D2-F93EA8A992DC}.Release|Any CPU.Build.0 = Release|Any CPU
		{1A1DBB6C-BFBA-48D2-813C-FCEF4ED32280}.Debug|Any CPU.ActiveCfg = Debug|Any CPU
		{1A1DBB6C-BFBA-48D2-813C-FCEF4ED32280}.Debug|Any CPU.Build.0 = Debug|Any CPU
		{1A1DBB6C-BFBA-48D2-813C-FCEF4ED32280}.Release|Any CPU.ActiveCfg = Release|Any CPU
		{1A1DBB6C-BFBA-48D2-813C-FCEF4ED32280}.Release|Any CPU.Build.0 = Release|Any CPU
	EndGlobalSection
	GlobalSection(SolutionProperties) = preSolution
		HideSolutionNode = FALSE
	EndGlobalSection
	GlobalSection(ExtensibilityGlobals) = postSolution
		SolutionGuid = {5B215191-7F3A-4387-B6ED-0A8EB4D6613B}
	EndGlobalSection
EndGlobal
